
Microsoft Visual Studio Solution File, Format Version 12.00
# Visual Studio Version 17
VisualStudioVersion = 17.5.33516.290
MinimumVisualStudioVersion = 10.0.40219.1
Project("{FAE04EC0-301F-11D3-BF4B-00C04F79EFBC}") = "App.Web.Mvc", "App.Web.Mvc\App.Web.Mvc.csproj", "{1F17FA2D-4D9C-4A9F-8A4D-AA0EC40E15CA}"
EndProject
Global
	GlobalSection(SolutionConfigurationPlatforms) = preSolution
		Debug|Any CPU = Debug|Any CPU
		Release|Any CPU = Release|Any CPU
	EndGlobalSection
	GlobalSection(ProjectConfigurationPlatforms) = postSolution
		{1F17FA2D-4D9C-4A9F-8A4D-AA0EC40E15CA}.Debug|Any CPU.ActiveCfg = Debug|Any CPU
		{1F17FA2D-4D9C-4A9F-8A4D-AA0EC40E15CA}.Debug|Any CPU.Build.0 = Debug|Any CPU
		{1F17FA2D-4D9C-4A9F-8A4D-AA0EC40E15CA}.Release|Any CPU.ActiveCfg = Release|Any CPU
		{1F17FA2D-4D9C-4A9F-8A4D-AA0EC40E15CA}.Release|Any CPU.Build.0 = Release|Any CPU
	EndGlobalSection
	GlobalSection(SolutionProperties) = preSolution
		HideSolutionNode = FALSE
	EndGlobalSection
	GlobalSection(ExtensibilityGlobals) = postSolution
		SolutionGuid = {1DA23A01-4B7E-40A1-95EA-C8157B8AFD34}
	EndGlobalSection
EndGlobal
